// !$*UTF8*$!
{
	archiveVersion = 1;
	classes = {
	};
	objectVersion = 46;
	objects = {

/* Begin PBXBuildFile section */
		D62B79541B953214008E728E /* iTunesBackupHandlerViewController.m in Sources */ = {isa = PBXBuildFile; fileRef = D62B79521B953214008E728E /* iTunesBackupHandlerViewController.m */; };
		D62B79551B953214008E728E /* iTunesBackupHandlerViewController.xib in Resources */ = {isa = PBXBuildFile; fileRef = D62B79531B953214008E728E /* iTunesBackupHandlerViewController.xib */; };
		D62B795A1B969EFC008E728E /* LayerMaskTestViewController.m in Sources */ = {isa = PBXBuildFile; fileRef = D62B79581B969EFC008E728E /* LayerMaskTestViewController.m */; };
		D62B795B1B969EFC008E728E /* LayerMaskTestViewController.xib in Resources */ = {isa = PBXBuildFile; fileRef = D62B79591B969EFC008E728E /* LayerMaskTestViewController.xib */; };
		D62B795E1B96A070008E728E /* DragView.m in Sources */ = {isa = PBXBuildFile; fileRef = D62B795D1B96A070008E728E /* DragView.m */; };
		D62B79611B96CBD1008E728E /* DragVisualEffectView.m in Sources */ = {isa = PBXBuildFile; fileRef = D62B79601B96CBD1008E728E /* DragVisualEffectView.m */; };
		D69863F91B8DB0D400F64908 /* CGAffineTransformTestViewController.m in Sources */ = {isa = PBXBuildFile; fileRef = D69863F71B8DB0D400F64908 /* CGAffineTransformTestViewController.m */; };
		D69863FA1B8DB0D400F64908 /* CGAffineTransformTestViewController.xib in Resources */ = {isa = PBXBuildFile; fileRef = D69863F81B8DB0D400F64908 /* CGAffineTransformTestViewController.xib */; };
		D69863FE1B8DBBD200F64908 /* BlockTest.m in Sources */ = {isa = PBXBuildFile; fileRef = D69863FD1B8DBBD200F64908 /* BlockTest.m */; };
		D69864031B8EBBF000F64908 /* WKWebViewTestViewController.m in Sources */ = {isa = PBXBuildFile; fileRef = D69864011B8EBBF000F64908 /* WKWebViewTestViewController.m */; };
		D6A0B81F1BAFEC1A00229CBD /* MJRefreshAutoFooter.m in Sources */ = {isa = PBXBuildFile; fileRef = D6A0B7F51BAFEC1900229CBD /* MJRefreshAutoFooter.m */; };
		D6A0B8201BAFEC1A00229CBD /* MJRefreshBackFooter.m in Sources */ = {isa = PBXBuildFile; fileRef = D6A0B7F71BAFEC1900229CBD /* MJRefreshBackFooter.m */; };
		D6A0B8211BAFEC1A00229CBD /* MJRefreshComponent.m in Sources */ = {isa = PBXBuildFile; fileRef = D6A0B7F91BAFEC1900229CBD /* MJRefreshComponent.m */; };
		D6A0B8221BAFEC1A00229CBD /* MJRefreshFooter.m in Sources */ = {isa = PBXBuildFile; fileRef = D6A0B7FB1BAFEC1900229CBD /* MJRefreshFooter.m */; };
		D6A0B8231BAFEC1A00229CBD /* MJRefreshHeader.m in Sources */ = {isa = PBXBuildFile; fileRef = D6A0B7FD1BAFEC1900229CBD /* MJRefreshHeader.m */; };
		D6A0B8241BAFEC1A00229CBD /* MJRefreshAutoGifFooter.m in Sources */ = {isa = PBXBuildFile; fileRef = D6A0B8021BAFEC1900229CBD /* MJRefreshAutoGifFooter.m */; };
		D6A0B8251BAFEC1A00229CBD /* MJRefreshAutoNormalFooter.m in Sources */ = {isa = PBXBuildFile; fileRef = D6A0B8041BAFEC1900229CBD /* MJRefreshAutoNormalFooter.m */; };
		D6A0B8261BAFEC1A00229CBD /* MJRefreshAutoStateFooter.m in Sources */ = {isa = PBXBuildFile; fileRef = D6A0B8061BAFEC1900229CBD /* MJRefreshAutoStateFooter.m */; };
		D6A0B8271BAFEC1A00229CBD /* MJRefreshBackGifFooter.m in Sources */ = {isa = PBXBuildFile; fileRef = D6A0B8091BAFEC1900229CBD /* MJRefreshBackGifFooter.m */; };
		D6A0B8281BAFEC1A00229CBD /* MJRefreshBackNormalFooter.m in Sources */ = {isa = PBXBuildFile; fileRef = D6A0B80B1BAFEC1900229CBD /* MJRefreshBackNormalFooter.m */; };
		D6A0B8291BAFEC1A00229CBD /* MJRefreshBackStateFooter.m in Sources */ = {isa = PBXBuildFile; fileRef = D6A0B80D1BAFEC1900229CBD /* MJRefreshBackStateFooter.m */; };
		D6A0B82A1BAFEC1A00229CBD /* MJRefreshGifHeader.m in Sources */ = {isa = PBXBuildFile; fileRef = D6A0B8101BAFEC1900229CBD /* MJRefreshGifHeader.m */; };
		D6A0B82B1BAFEC1A00229CBD /* MJRefreshNormalHeader.m in Sources */ = {isa = PBXBuildFile; fileRef = D6A0B8121BAFEC1900229CBD /* MJRefreshNormalHeader.m */; };
		D6A0B82C1BAFEC1A00229CBD /* MJRefreshStateHeader.m in Sources */ = {isa = PBXBuildFile; fileRef = D6A0B8141BAFEC1900229CBD /* MJRefreshStateHeader.m */; };
		D6A0B82D1BAFEC1A00229CBD /* MJRefresh.bundle in Resources */ = {isa = PBXBuildFile; fileRef = D6A0B8151BAFEC1A00229CBD /* MJRefresh.bundle */; };
		D6A0B82E1BAFEC1A00229CBD /* MJRefreshConst.m in Sources */ = {isa = PBXBuildFile; fileRef = D6A0B8181BAFEC1A00229CBD /* MJRefreshConst.m */; };
		D6A0B82F1BAFEC1A00229CBD /* UIScrollView+MJExtension.m in Sources */ = {isa = PBXBuildFile; fileRef = D6A0B81A1BAFEC1A00229CBD /* UIScrollView+MJExtension.m */; };
		D6A0B8301BAFEC1A00229CBD /* UIScrollView+MJRefresh.m in Sources */ = {isa = PBXBuildFile; fileRef = D6A0B81C1BAFEC1A00229CBD /* UIScrollView+MJRefresh.m */; };
		D6A0B8311BAFEC1A00229CBD /* UIView+MJExtension.m in Sources */ = {isa = PBXBuildFile; fileRef = D6A0B81E1BAFEC1A00229CBD /* UIView+MJExtension.m */; };
		D6AF1FE01BA674FD00229224 /* IDsViewController.m in Sources */ = {isa = PBXBuildFile; fileRef = D6AF1FDE1BA674FD00229224 /* IDsViewController.m */; };
		D6AF1FE11BA674FD00229224 /* IDsViewController.xib in Resources */ = {isa = PBXBuildFile; fileRef = D6AF1FDF1BA674FD00229224 /* IDsViewController.xib */; };
		D6C28F071B8C5633008D230E /* MemoryTool.m in Sources */ = {isa = PBXBuildFile; fileRef = D6C28F061B8C5633008D230E /* MemoryTool.m */; };
		D6C9B11F1BA040EF00168941 /* ParentViewController.m in Sources */ = {isa = PBXBuildFile; fileRef = D6C9B11D1BA040EF00168941 /* ParentViewController.m */; };
		D6C9B1201BA040EF00168941 /* ParentViewController.xib in Resources */ = {isa = PBXBuildFile; fileRef = D6C9B11E1BA040EF00168941 /* ParentViewController.xib */; };
		D6C9B1291BA0411300168941 /* ChildViewController2.m in Sources */ = {isa = PBXBuildFile; fileRef = D6C9B1271BA0411300168941 /* ChildViewController2.m */; };
		D6C9B12A1BA0411300168941 /* ChildViewController2.xib in Resources */ = {isa = PBXBuildFile; fileRef = D6C9B1281BA0411300168941 /* ChildViewController2.xib */; };
		D6C9B12E1BA0412500168941 /* ChildViewController3.m in Sources */ = {isa = PBXBuildFile; fileRef = D6C9B12C1BA0412500168941 /* ChildViewController3.m */; };
		D6C9B12F1BA0412500168941 /* ChildViewController3.xib in Resources */ = {isa = PBXBuildFile; fileRef = D6C9B12D1BA0412500168941 /* ChildViewController3.xib */; };
		D6C9B1381BA0485B00168941 /* ChildViewController1.m in Sources */ = {isa = PBXBuildFile; fileRef = D6C9B1361BA0485B00168941 /* ChildViewController1.m */; };
		D6C9B1391BA0485B00168941 /* ChildViewController1.xib in Resources */ = {isa = PBXBuildFile; fileRef = D6C9B1371BA0485B00168941 /* ChildViewController1.xib */; };
		D6CDA07F1B86F2FA00ECBFEF /* main.m in Sources */ = {isa = PBXBuildFile; fileRef = D6CDA07E1B86F2FA00ECBFEF /* main.m */; };
		D6CDA0821B86F2FA00ECBFEF /* AppDelegate.m in Sources */ = {isa = PBXBuildFile; fileRef = D6CDA0811B86F2FA00ECBFEF /* AppDelegate.m */; };
		D6CDA0851B86F2FA00ECBFEF /* ViewController.m in Sources */ = {isa = PBXBuildFile; fileRef = D6CDA0841B86F2FA00ECBFEF /* ViewController.m */; };
		D6CDA0881B86F2FA00ECBFEF /* Main.storyboard in Resources */ = {isa = PBXBuildFile; fileRef = D6CDA0861B86F2FA00ECBFEF /* Main.storyboard */; };
		D6CDA08A1B86F2FA00ECBFEF /* Images.xcassets in Resources */ = {isa = PBXBuildFile; fileRef = D6CDA0891B86F2FA00ECBFEF /* Images.xcassets */; };
		D6CDA08D1B86F2FA00ECBFEF /* LaunchScreen.xib in Resources */ = {isa = PBXBuildFile; fileRef = D6CDA08B1B86F2FA00ECBFEF /* LaunchScreen.xib */; };
		D6CDA0A71B86F72D00ECBFEF /* TrafficCountViewController.m in Sources */ = {isa = PBXBuildFile; fileRef = D6CDA0A51B86F72C00ECBFEF /* TrafficCountViewController.m */; };
		D6CDA0A81B86F72D00ECBFEF /* TrafficCountViewController.xib in Resources */ = {isa = PBXBuildFile; fileRef = D6CDA0A61B86F72C00ECBFEF /* TrafficCountViewController.xib */; };
		D6F64D141BABA13F00CF9E09 /* DrawRectTestViewController.m in Sources */ = {isa = PBXBuildFile; fileRef = D6F64D121BABA13F00CF9E09 /* DrawRectTestViewController.m */; };
		D6F64D151BABA13F00CF9E09 /* DrawRectTestViewController.xib in Resources */ = {isa = PBXBuildFile; fileRef = D6F64D131BABA13F00CF9E09 /* DrawRectTestViewController.xib */; };
		D6F64D181BABA15B00CF9E09 /* DrawRectTestView.m in Sources */ = {isa = PBXBuildFile; fileRef = D6F64D171BABA15B00CF9E09 /* DrawRectTestView.m */; };
		D6F64D1D1BABE34600CF9E09 /* BluetoothViewController.m in Sources */ = {isa = PBXBuildFile; fileRef = D6F64D1B1BABE34600CF9E09 /* BluetoothViewController.m */; };
		D6F64D1E1BABE34600CF9E09 /* BluetoothViewController.xib in Resources */ = {isa = PBXBuildFile; fileRef = D6F64D1C1BABE34600CF9E09 /* BluetoothViewController.xib */; };
/* End PBXBuildFile section */

/* Begin PBXFileReference section */
		D62B79511B953214008E728E /* iTunesBackupHandlerViewController.h */ = {isa = PBXFileReference; fileEncoding = 4; lastKnownFileType = sourcecode.c.h; path = iTunesBackupHandlerViewController.h; sourceTree = "<group>"; };
		D62B79521B953214008E728E /* iTunesBackupHandlerViewController.m */ = {isa = PBXFileReference; fileEncoding = 4; lastKnownFileType = sourcecode.c.objc; path = iTunesBackupHandlerViewController.m; sourceTree = "<group>"; };
		D62B79531B953214008E728E /* iTunesBackupHandlerViewController.xib */ = {isa = PBXFileReference; fileEncoding = 4; lastKnownFileType = file.xib; path = iTunesBackupHandlerViewController.xib; sourceTree = "<group>"; };
		D62B79571B969EFC008E728E /* LayerMaskTestViewController.h */ = {isa = PBXFileReference; fileEncoding = 4; lastKnownFileType = sourcecode.c.h; path = LayerMaskTestViewController.h; sourceTree = "<group>"; };
		D62B79581B969EFC008E728E /* LayerMaskTestViewController.m */ = {isa = PBXFileReference; fileEncoding = 4; lastKnownFileType = sourcecode.c.objc; path = LayerMaskTestViewController.m; sourceTree = "<group>"; };
		D62B79591B969EFC008E728E /* LayerMaskTestViewController.xib */ = {isa = PBXFileReference; fileEncoding = 4; lastKnownFileType = file.xib; path = LayerMaskTestViewController.xib; sourceTree = "<group>"; };
		D62B795C1B96A070008E728E /* DragView.h */ = {isa = PBXFileReference; fileEncoding = 4; lastKnownFileType = sourcecode.c.h; path = DragView.h; sourceTree = "<group>"; };
		D62B795D1B96A070008E728E /* DragView.m */ = {isa = PBXFileReference; fileEncoding = 4; lastKnownFileType = sourcecode.c.objc; path = DragView.m; sourceTree = "<group>"; };
		D62B795F1B96CBD1008E728E /* DragVisualEffectView.h */ = {isa = PBXFileReference; fileEncoding = 4; lastKnownFileType = sourcecode.c.h; path = DragVisualEffectView.h; sourceTree = "<group>"; };
		D62B79601B96CBD1008E728E /* DragVisualEffectView.m */ = {isa = PBXFileReference; fileEncoding = 4; lastKnownFileType = sourcecode.c.objc; path = DragVisualEffectView.m; sourceTree = "<group>"; };
		D69863F61B8DB0D400F64908 /* CGAffineTransformTestViewController.h */ = {isa = PBXFileReference; fileEncoding = 4; lastKnownFileType = sourcecode.c.h; path = CGAffineTransformTestViewController.h; sourceTree = "<group>"; };
		D69863F71B8DB0D400F64908 /* CGAffineTransformTestViewController.m */ = {isa = PBXFileReference; fileEncoding = 4; lastKnownFileType = sourcecode.c.objc; path = CGAffineTransformTestViewController.m; sourceTree = "<group>"; };
		D69863F81B8DB0D400F64908 /* CGAffineTransformTestViewController.xib */ = {isa = PBXFileReference; fileEncoding = 4; lastKnownFileType = file.xib; path = CGAffineTransformTestViewController.xib; sourceTree = "<group>"; };
		D69863FC1B8DBBD200F64908 /* BlockTest.h */ = {isa = PBXFileReference; fileEncoding = 4; lastKnownFileType = sourcecode.c.h; path = BlockTest.h; sourceTree = "<group>"; };
		D69863FD1B8DBBD200F64908 /* BlockTest.m */ = {isa = PBXFileReference; fileEncoding = 4; lastKnownFileType = sourcecode.c.objc; path = BlockTest.m; sourceTree = "<group>"; };
		D69864001B8EBBF000F64908 /* WKWebViewTestViewController.h */ = {isa = PBXFileReference; fileEncoding = 4; lastKnownFileType = sourcecode.c.h; path = WKWebViewTestViewController.h; sourceTree = "<group>"; };
		D69864011B8EBBF000F64908 /* WKWebViewTestViewController.m */ = {isa = PBXFileReference; fileEncoding = 4; lastKnownFileType = sourcecode.c.objc; path = WKWebViewTestViewController.m; sourceTree = "<group>"; };
		D69EF8AD1B872661000B7976 /* PrefixHeader.pch */ = {isa = PBXFileReference; fileEncoding = 4; lastKnownFileType = sourcecode.c.h; path = PrefixHeader.pch; sourceTree = "<group>"; };
		D6A0B7F41BAFEC1900229CBD /* MJRefreshAutoFooter.h */ = {isa = PBXFileReference; fileEncoding = 4; lastKnownFileType = sourcecode.c.h; path = MJRefreshAutoFooter.h; sourceTree = "<group>"; };
		D6A0B7F51BAFEC1900229CBD /* MJRefreshAutoFooter.m */ = {isa = PBXFileReference; fileEncoding = 4; lastKnownFileType = sourcecode.c.objc; path = MJRefreshAutoFooter.m; sourceTree = "<group>"; };
		D6A0B7F61BAFEC1900229CBD /* MJRefreshBackFooter.h */ = {isa = PBXFileReference; fileEncoding = 4; lastKnownFileType = sourcecode.c.h; path = MJRefreshBackFooter.h; sourceTree = "<group>"; };
		D6A0B7F71BAFEC1900229CBD /* MJRefreshBackFooter.m */ = {isa = PBXFileReference; fileEncoding = 4; lastKnownFileType = sourcecode.c.objc; path = MJRefreshBackFooter.m; sourceTree = "<group>"; };
		D6A0B7F81BAFEC1900229CBD /* MJRefreshComponent.h */ = {isa = PBXFileReference; fileEncoding = 4; lastKnownFileType = sourcecode.c.h; path = MJRefreshComponent.h; sourceTree = "<group>"; };
		D6A0B7F91BAFEC1900229CBD /* MJRefreshComponent.m */ = {isa = PBXFileReference; fileEncoding = 4; lastKnownFileType = sourcecode.c.objc; path = MJRefreshComponent.m; sourceTree = "<group>"; };
		D6A0B7FA1BAFEC1900229CBD /* MJRefreshFooter.h */ = {isa = PBXFileReference; fileEncoding = 4; lastKnownFileType = sourcecode.c.h; path = MJRefreshFooter.h; sourceTree = "<group>"; };
		D6A0B7FB1BAFEC1900229CBD /* MJRefreshFooter.m */ = {isa = PBXFileReference; fileEncoding = 4; lastKnownFileType = sourcecode.c.objc; path = MJRefreshFooter.m; sourceTree = "<group>"; };
		D6A0B7FC1BAFEC1900229CBD /* MJRefreshHeader.h */ = {isa = PBXFileReference; fileEncoding = 4; lastKnownFileType = sourcecode.c.h; path = MJRefreshHeader.h; sourceTree = "<group>"; };
		D6A0B7FD1BAFEC1900229CBD /* MJRefreshHeader.m */ = {isa = PBXFileReference; fileEncoding = 4; lastKnownFileType = sourcecode.c.objc; path = MJRefreshHeader.m; sourceTree = "<group>"; };
		D6A0B8011BAFEC1900229CBD /* MJRefreshAutoGifFooter.h */ = {isa = PBXFileReference; fileEncoding = 4; lastKnownFileType = sourcecode.c.h; path = MJRefreshAutoGifFooter.h; sourceTree = "<group>"; };
		D6A0B8021BAFEC1900229CBD /* MJRefreshAutoGifFooter.m */ = {isa = PBXFileReference; fileEncoding = 4; lastKnownFileType = sourcecode.c.objc; path = MJRefreshAutoGifFooter.m; sourceTree = "<group>"; };
		D6A0B8031BAFEC1900229CBD /* MJRefreshAutoNormalFooter.h */ = {isa = PBXFileReference; fileEncoding = 4; lastKnownFileType = sourcecode.c.h; path = MJRefreshAutoNormalFooter.h; sourceTree = "<group>"; };
		D6A0B8041BAFEC1900229CBD /* MJRefreshAutoNormalFooter.m */ = {isa = PBXFileReference; fileEncoding = 4; lastKnownFileType = sourcecode.c.objc; path = MJRefreshAutoNormalFooter.m; sourceTree = "<group>"; };
		D6A0B8051BAFEC1900229CBD /* MJRefreshAutoStateFooter.h */ = {isa = PBXFileReference; fileEncoding = 4; lastKnownFileType = sourcecode.c.h; path = MJRefreshAutoStateFooter.h; sourceTree = "<group>"; };
		D6A0B8061BAFEC1900229CBD /* MJRefreshAutoStateFooter.m */ = {isa = PBXFileReference; fileEncoding = 4; lastKnownFileType = sourcecode.c.objc; path = MJRefreshAutoStateFooter.m; sourceTree = "<group>"; };
		D6A0B8081BAFEC1900229CBD /* MJRefreshBackGifFooter.h */ = {isa = PBXFileReference; fileEncoding = 4; lastKnownFileType = sourcecode.c.h; path = MJRefreshBackGifFooter.h; sourceTree = "<group>"; };
		D6A0B8091BAFEC1900229CBD /* MJRefreshBackGifFooter.m */ = {isa = PBXFileReference; fileEncoding = 4; lastKnownFileType = sourcecode.c.objc; path = MJRefreshBackGifFooter.m; sourceTree = "<group>"; };
		D6A0B80A1BAFEC1900229CBD /* MJRefreshBackNormalFooter.h */ = {isa = PBXFileReference; fileEncoding = 4; lastKnownFileType = sourcecode.c.h; path = MJRefreshBackNormalFooter.h; sourceTree = "<group>"; };
		D6A0B80B1BAFEC1900229CBD /* MJRefreshBackNormalFooter.m */ = {isa = PBXFileReference; fileEncoding = 4; lastKnownFileType = sourcecode.c.objc; path = MJRefreshBackNormalFooter.m; sourceTree = "<group>"; };
		D6A0B80C1BAFEC1900229CBD /* MJRefreshBackStateFooter.h */ = {isa = PBXFileReference; fileEncoding = 4; lastKnownFileType = sourcecode.c.h; path = MJRefreshBackStateFooter.h; sourceTree = "<group>"; };
		D6A0B80D1BAFEC1900229CBD /* MJRefreshBackStateFooter.m */ = {isa = PBXFileReference; fileEncoding = 4; lastKnownFileType = sourcecode.c.objc; path = MJRefreshBackStateFooter.m; sourceTree = "<group>"; };
		D6A0B80F1BAFEC1900229CBD /* MJRefreshGifHeader.h */ = {isa = PBXFileReference; fileEncoding = 4; lastKnownFileType = sourcecode.c.h; path = MJRefreshGifHeader.h; sourceTree = "<group>"; };
		D6A0B8101BAFEC1900229CBD /* MJRefreshGifHeader.m */ = {isa = PBXFileReference; fileEncoding = 4; lastKnownFileType = sourcecode.c.objc; path = MJRefreshGifHeader.m; sourceTree = "<group>"; };
		D6A0B8111BAFEC1900229CBD /* MJRefreshNormalHeader.h */ = {isa = PBXFileReference; fileEncoding = 4; lastKnownFileType = sourcecode.c.h; path = MJRefreshNormalHeader.h; sourceTree = "<group>"; };
		D6A0B8121BAFEC1900229CBD /* MJRefreshNormalHeader.m */ = {isa = PBXFileReference; fileEncoding = 4; lastKnownFileType = sourcecode.c.objc; path = MJRefreshNormalHeader.m; sourceTree = "<group>"; };
		D6A0B8131BAFEC1900229CBD /* MJRefreshStateHeader.h */ = {isa = PBXFileReference; fileEncoding = 4; lastKnownFileType = sourcecode.c.h; path = MJRefreshStateHeader.h; sourceTree = "<group>"; };
		D6A0B8141BAFEC1900229CBD /* MJRefreshStateHeader.m */ = {isa = PBXFileReference; fileEncoding = 4; lastKnownFileType = sourcecode.c.objc; path = MJRefreshStateHeader.m; sourceTree = "<group>"; };
		D6A0B8151BAFEC1A00229CBD /* MJRefresh.bundle */ = {isa = PBXFileReference; lastKnownFileType = "wrapper.plug-in"; path = MJRefresh.bundle; sourceTree = "<group>"; };
		D6A0B8161BAFEC1A00229CBD /* MJRefresh.h */ = {isa = PBXFileReference; fileEncoding = 4; lastKnownFileType = sourcecode.c.h; path = MJRefresh.h; sourceTree = "<group>"; };
		D6A0B8171BAFEC1A00229CBD /* MJRefreshConst.h */ = {isa = PBXFileReference; fileEncoding = 4; lastKnownFileType = sourcecode.c.h; path = MJRefreshConst.h; sourceTree = "<group>"; };
		D6A0B8181BAFEC1A00229CBD /* MJRefreshConst.m */ = {isa = PBXFileReference; fileEncoding = 4; lastKnownFileType = sourcecode.c.objc; path = MJRefreshConst.m; sourceTree = "<group>"; };
		D6A0B8191BAFEC1A00229CBD /* UIScrollView+MJExtension.h */ = {isa = PBXFileReference; fileEncoding = 4; lastKnownFileType = sourcecode.c.h; path = "UIScrollView+MJExtension.h"; sourceTree = "<group>"; };
		D6A0B81A1BAFEC1A00229CBD /* UIScrollView+MJExtension.m */ = {isa = PBXFileReference; fileEncoding = 4; lastKnownFileType = sourcecode.c.objc; path = "UIScrollView+MJExtension.m"; sourceTree = "<group>"; };
		D6A0B81B1BAFEC1A00229CBD /* UIScrollView+MJRefresh.h */ = {isa = PBXFileReference; fileEncoding = 4; lastKnownFileType = sourcecode.c.h; path = "UIScrollView+MJRefresh.h"; sourceTree = "<group>"; };
		D6A0B81C1BAFEC1A00229CBD /* UIScrollView+MJRefresh.m */ = {isa = PBXFileReference; fileEncoding = 4; lastKnownFileType = sourcecode.c.objc; path = "UIScrollView+MJRefresh.m"; sourceTree = "<group>"; };
		D6A0B81D1BAFEC1A00229CBD /* UIView+MJExtension.h */ = {isa = PBXFileReference; fileEncoding = 4; lastKnownFileType = sourcecode.c.h; path = "UIView+MJExtension.h"; sourceTree = "<group>"; };
		D6A0B81E1BAFEC1A00229CBD /* UIView+MJExtension.m */ = {isa = PBXFileReference; fileEncoding = 4; lastKnownFileType = sourcecode.c.objc; path = "UIView+MJExtension.m"; sourceTree = "<group>"; };
		D6AF1FDD1BA674FD00229224 /* IDsViewController.h */ = {isa = PBXFileReference; fileEncoding = 4; lastKnownFileType = sourcecode.c.h; path = IDsViewController.h; sourceTree = "<group>"; };
		D6AF1FDE1BA674FD00229224 /* IDsViewController.m */ = {isa = PBXFileReference; fileEncoding = 4; lastKnownFileType = sourcecode.c.objc; path = IDsViewController.m; sourceTree = "<group>"; };
		D6AF1FDF1BA674FD00229224 /* IDsViewController.xib */ = {isa = PBXFileReference; fileEncoding = 4; lastKnownFileType = file.xib; path = IDsViewController.xib; sourceTree = "<group>"; };
		D6C28F051B8C5633008D230E /* MemoryTool.h */ = {isa = PBXFileReference; fileEncoding = 4; lastKnownFileType = sourcecode.c.h; path = MemoryTool.h; sourceTree = "<group>"; };
		D6C28F061B8C5633008D230E /* MemoryTool.m */ = {isa = PBXFileReference; fileEncoding = 4; lastKnownFileType = sourcecode.c.objc; path = MemoryTool.m; sourceTree = "<group>"; };
		D6C9B11C1BA040EF00168941 /* ParentViewController.h */ = {isa = PBXFileReference; fileEncoding = 4; lastKnownFileType = sourcecode.c.h; path = ParentViewController.h; sourceTree = "<group>"; };
		D6C9B11D1BA040EF00168941 /* ParentViewController.m */ = {isa = PBXFileReference; fileEncoding = 4; lastKnownFileType = sourcecode.c.objc; path = ParentViewController.m; sourceTree = "<group>"; };
		D6C9B11E1BA040EF00168941 /* ParentViewController.xib */ = {isa = PBXFileReference; fileEncoding = 4; lastKnownFileType = file.xib; path = ParentViewController.xib; sourceTree = "<group>"; };
		D6C9B1261BA0411300168941 /* ChildViewController2.h */ = {isa = PBXFileReference; fileEncoding = 4; lastKnownFileType = sourcecode.c.h; path = ChildViewController2.h; sourceTree = "<group>"; };
		D6C9B1271BA0411300168941 /* ChildViewController2.m */ = {isa = PBXFileReference; fileEncoding = 4; lastKnownFileType = sourcecode.c.objc; path = ChildViewController2.m; sourceTree = "<group>"; };
		D6C9B1281BA0411300168941 /* ChildViewController2.xib */ = {isa = PBXFileReference; fileEncoding = 4; lastKnownFileType = file.xib; path = ChildViewController2.xib; sourceTree = "<group>"; };
		D6C9B12B1BA0412500168941 /* ChildViewController3.h */ = {isa = PBXFileReference; fileEncoding = 4; lastKnownFileType = sourcecode.c.h; path = ChildViewController3.h; sourceTree = "<group>"; };
		D6C9B12C1BA0412500168941 /* ChildViewController3.m */ = {isa = PBXFileReference; fileEncoding = 4; lastKnownFileType = sourcecode.c.objc; path = ChildViewController3.m; sourceTree = "<group>"; };
		D6C9B12D1BA0412500168941 /* ChildViewController3.xib */ = {isa = PBXFileReference; fileEncoding = 4; lastKnownFileType = file.xib; path = ChildViewController3.xib; sourceTree = "<group>"; };
		D6C9B1351BA0485B00168941 /* ChildViewController1.h */ = {isa = PBXFileReference; fileEncoding = 4; lastKnownFileType = sourcecode.c.h; path = ChildViewController1.h; sourceTree = "<group>"; };
		D6C9B1361BA0485B00168941 /* ChildViewController1.m */ = {isa = PBXFileReference; fileEncoding = 4; lastKnownFileType = sourcecode.c.objc; path = ChildViewController1.m; sourceTree = "<group>"; };
		D6C9B1371BA0485B00168941 /* ChildViewController1.xib */ = {isa = PBXFileReference; fileEncoding = 4; lastKnownFileType = file.xib; path = ChildViewController1.xib; sourceTree = "<group>"; };
		D6CDA0791B86F2FA00ECBFEF /* TestCode.app */ = {isa = PBXFileReference; explicitFileType = wrapper.application; includeInIndex = 0; path = TestCode.app; sourceTree = BUILT_PRODUCTS_DIR; };
		D6CDA07D1B86F2FA00ECBFEF /* Info.plist */ = {isa = PBXFileReference; lastKnownFileType = text.plist.xml; path = Info.plist; sourceTree = "<group>"; };
		D6CDA07E1B86F2FA00ECBFEF /* main.m */ = {isa = PBXFileReference; lastKnownFileType = sourcecode.c.objc; path = main.m; sourceTree = "<group>"; };
		D6CDA0801B86F2FA00ECBFEF /* AppDelegate.h */ = {isa = PBXFileReference; lastKnownFileType = sourcecode.c.h; path = AppDelegate.h; sourceTree = "<group>"; };
		D6CDA0811B86F2FA00ECBFEF /* AppDelegate.m */ = {isa = PBXFileReference; lastKnownFileType = sourcecode.c.objc; path = AppDelegate.m; sourceTree = "<group>"; };
		D6CDA0831B86F2FA00ECBFEF /* ViewController.h */ = {isa = PBXFileReference; lastKnownFileType = sourcecode.c.h; path = ViewController.h; sourceTree = "<group>"; };
		D6CDA0841B86F2FA00ECBFEF /* ViewController.m */ = {isa = PBXFileReference; lastKnownFileType = sourcecode.c.objc; path = ViewController.m; sourceTree = "<group>"; };
		D6CDA0871B86F2FA00ECBFEF /* Base */ = {isa = PBXFileReference; lastKnownFileType = file.storyboard; name = Base; path = Base.lproj/Main.storyboard; sourceTree = "<group>"; };
		D6CDA0891B86F2FA00ECBFEF /* Images.xcassets */ = {isa = PBXFileReference; lastKnownFileType = folder.assetcatalog; path = Images.xcassets; sourceTree = "<group>"; };
		D6CDA08C1B86F2FA00ECBFEF /* Base */ = {isa = PBXFileReference; lastKnownFileType = file.xib; name = Base; path = Base.lproj/LaunchScreen.xib; sourceTree = "<group>"; };
		D6CDA0A41B86F72C00ECBFEF /* TrafficCountViewController.h */ = {isa = PBXFileReference; fileEncoding = 4; lastKnownFileType = sourcecode.c.h; path = TrafficCountViewController.h; sourceTree = "<group>"; };
		D6CDA0A51B86F72C00ECBFEF /* TrafficCountViewController.m */ = {isa = PBXFileReference; fileEncoding = 4; lastKnownFileType = sourcecode.c.objc; path = TrafficCountViewController.m; sourceTree = "<group>"; };
		D6CDA0A61B86F72C00ECBFEF /* TrafficCountViewController.xib */ = {isa = PBXFileReference; fileEncoding = 4; lastKnownFileType = file.xib; path = TrafficCountViewController.xib; sourceTree = "<group>"; };
		D6F64D111BABA13F00CF9E09 /* DrawRectTestViewController.h */ = {isa = PBXFileReference; fileEncoding = 4; lastKnownFileType = sourcecode.c.h; path = DrawRectTestViewController.h; sourceTree = "<group>"; };
		D6F64D121BABA13F00CF9E09 /* DrawRectTestViewController.m */ = {isa = PBXFileReference; fileEncoding = 4; lastKnownFileType = sourcecode.c.objc; path = DrawRectTestViewController.m; sourceTree = "<group>"; };
		D6F64D131BABA13F00CF9E09 /* DrawRectTestViewController.xib */ = {isa = PBXFileReference; fileEncoding = 4; lastKnownFileType = file.xib; path = DrawRectTestViewController.xib; sourceTree = "<group>"; };
		D6F64D161BABA15B00CF9E09 /* DrawRectTestView.h */ = {isa = PBXFileReference; fileEncoding = 4; lastKnownFileType = sourcecode.c.h; path = DrawRectTestView.h; sourceTree = "<group>"; };
		D6F64D171BABA15B00CF9E09 /* DrawRectTestView.m */ = {isa = PBXFileReference; fileEncoding = 4; lastKnownFileType = sourcecode.c.objc; path = DrawRectTestView.m; sourceTree = "<group>"; };
		D6F64D1A1BABE34600CF9E09 /* BluetoothViewController.h */ = {isa = PBXFileReference; fileEncoding = 4; lastKnownFileType = sourcecode.c.h; path = BluetoothViewController.h; sourceTree = "<group>"; };
		D6F64D1B1BABE34600CF9E09 /* BluetoothViewController.m */ = {isa = PBXFileReference; fileEncoding = 4; lastKnownFileType = sourcecode.c.objc; path = BluetoothViewController.m; sourceTree = "<group>"; };
		D6F64D1C1BABE34600CF9E09 /* BluetoothViewController.xib */ = {isa = PBXFileReference; fileEncoding = 4; lastKnownFileType = file.xib; path = BluetoothViewController.xib; sourceTree = "<group>"; };
/* End PBXFileReference section */

/* Begin PBXFrameworksBuildPhase section */
		D6CDA0761B86F2FA00ECBFEF /* Frameworks */ = {
			isa = PBXFrameworksBuildPhase;
			buildActionMask = 2147483647;
			files = (
			);
			runOnlyForDeploymentPostprocessing = 0;
		};
/* End PBXFrameworksBuildPhase section */

/* Begin PBXGroup section */
		D62B79501B9531FA008E728E /* iTunesBackupHandler */ = {
			isa = PBXGroup;
			children = (
				D62B79511B953214008E728E /* iTunesBackupHandlerViewController.h */,
				D62B79521B953214008E728E /* iTunesBackupHandlerViewController.m */,
				D62B79531B953214008E728E /* iTunesBackupHandlerViewController.xib */,
			);
			path = iTunesBackupHandler;
			sourceTree = "<group>";
		};
		D62B79561B969EE7008E728E /* LayerMaskTest */ = {
			isa = PBXGroup;
			children = (
				D62B795C1B96A070008E728E /* DragView.h */,
				D62B795D1B96A070008E728E /* DragView.m */,
				D62B795F1B96CBD1008E728E /* DragVisualEffectView.h */,
				D62B79601B96CBD1008E728E /* DragVisualEffectView.m */,
				D62B79571B969EFC008E728E /* LayerMaskTestViewController.h */,
				D62B79581B969EFC008E728E /* LayerMaskTestViewController.m */,
				D62B79591B969EFC008E728E /* LayerMaskTestViewController.xib */,
			);
			path = LayerMaskTest;
			sourceTree = "<group>";
		};
		D69863F51B8DB07D00F64908 /* CGAffineTransformTest */ = {
			isa = PBXGroup;
			children = (
				D69863F61B8DB0D400F64908 /* CGAffineTransformTestViewController.h */,
				D69863F71B8DB0D400F64908 /* CGAffineTransformTestViewController.m */,
				D69863F81B8DB0D400F64908 /* CGAffineTransformTestViewController.xib */,
			);
			path = CGAffineTransformTest;
			sourceTree = "<group>";
		};
		D69863FB1B8DBBBF00F64908 /* Block */ = {
			isa = PBXGroup;
			children = (
				D69863FC1B8DBBD200F64908 /* BlockTest.h */,
				D69863FD1B8DBBD200F64908 /* BlockTest.m */,
			);
			path = Block;
			sourceTree = "<group>";
		};
		D69863FF1B8EBBBF00F64908 /* WKWebViewTest */ = {
			isa = PBXGroup;
			children = (
				D69864001B8EBBF000F64908 /* WKWebViewTestViewController.h */,
				D69864011B8EBBF000F64908 /* WKWebViewTestViewController.m */,
			);
			path = WKWebViewTest;
			sourceTree = "<group>";
		};
		D6A0B7F11BAFEBF400229CBD /* ExtLib */ = {
			isa = PBXGroup;
			children = (
				D6A0B7F21BAFEC1900229CBD /* MJRefresh */,
			);
			path = ExtLib;
			sourceTree = "<group>";
		};
		D6A0B7F21BAFEC1900229CBD /* MJRefresh */ = {
			isa = PBXGroup;
			children = (
				D6A0B7F31BAFEC1900229CBD /* Base */,
				D6A0B7FE1BAFEC1900229CBD /* Custom */,
				D6A0B8151BAFEC1A00229CBD /* MJRefresh.bundle */,
				D6A0B8161BAFEC1A00229CBD /* MJRefresh.h */,
				D6A0B8171BAFEC1A00229CBD /* MJRefreshConst.h */,
				D6A0B8181BAFEC1A00229CBD /* MJRefreshConst.m */,
				D6A0B8191BAFEC1A00229CBD /* UIScrollView+MJExtension.h */,
				D6A0B81A1BAFEC1A00229CBD /* UIScrollView+MJExtension.m */,
				D6A0B81B1BAFEC1A00229CBD /* UIScrollView+MJRefresh.h */,
				D6A0B81C1BAFEC1A00229CBD /* UIScrollView+MJRefresh.m */,
				D6A0B81D1BAFEC1A00229CBD /* UIView+MJExtension.h */,
				D6A0B81E1BAFEC1A00229CBD /* UIView+MJExtension.m */,
			);
			path = MJRefresh;
			sourceTree = "<group>";
		};
		D6A0B7F31BAFEC1900229CBD /* Base */ = {
			isa = PBXGroup;
			children = (
				D6A0B7F41BAFEC1900229CBD /* MJRefreshAutoFooter.h */,
				D6A0B7F51BAFEC1900229CBD /* MJRefreshAutoFooter.m */,
				D6A0B7F61BAFEC1900229CBD /* MJRefreshBackFooter.h */,
				D6A0B7F71BAFEC1900229CBD /* MJRefreshBackFooter.m */,
				D6A0B7F81BAFEC1900229CBD /* MJRefreshComponent.h */,
				D6A0B7F91BAFEC1900229CBD /* MJRefreshComponent.m */,
				D6A0B7FA1BAFEC1900229CBD /* MJRefreshFooter.h */,
				D6A0B7FB1BAFEC1900229CBD /* MJRefreshFooter.m */,
				D6A0B7FC1BAFEC1900229CBD /* MJRefreshHeader.h */,
				D6A0B7FD1BAFEC1900229CBD /* MJRefreshHeader.m */,
			);
			path = Base;
			sourceTree = "<group>";
		};
		D6A0B7FE1BAFEC1900229CBD /* Custom */ = {
			isa = PBXGroup;
			children = (
				D6A0B7FF1BAFEC1900229CBD /* Footer */,
				D6A0B80E1BAFEC1900229CBD /* Header */,
			);
			path = Custom;
			sourceTree = "<group>";
		};
		D6A0B7FF1BAFEC1900229CBD /* Footer */ = {
			isa = PBXGroup;
			children = (
				D6A0B8001BAFEC1900229CBD /* Auto */,
				D6A0B8071BAFEC1900229CBD /* Back */,
			);
			path = Footer;
			sourceTree = "<group>";
		};
		D6A0B8001BAFEC1900229CBD /* Auto */ = {
			isa = PBXGroup;
			children = (
				D6A0B8011BAFEC1900229CBD /* MJRefreshAutoGifFooter.h */,
				D6A0B8021BAFEC1900229CBD /* MJRefreshAutoGifFooter.m */,
				D6A0B8031BAFEC1900229CBD /* MJRefreshAutoNormalFooter.h */,
				D6A0B8041BAFEC1900229CBD /* MJRefreshAutoNormalFooter.m */,
				D6A0B8051BAFEC1900229CBD /* MJRefreshAutoStateFooter.h */,
				D6A0B8061BAFEC1900229CBD /* MJRefreshAutoStateFooter.m */,
			);
			path = Auto;
			sourceTree = "<group>";
		};
		D6A0B8071BAFEC1900229CBD /* Back */ = {
			isa = PBXGroup;
			children = (
				D6A0B8081BAFEC1900229CBD /* MJRefreshBackGifFooter.h */,
				D6A0B8091BAFEC1900229CBD /* MJRefreshBackGifFooter.m */,
				D6A0B80A1BAFEC1900229CBD /* MJRefreshBackNormalFooter.h */,
				D6A0B80B1BAFEC1900229CBD /* MJRefreshBackNormalFooter.m */,
				D6A0B80C1BAFEC1900229CBD /* MJRefreshBackStateFooter.h */,
				D6A0B80D1BAFEC1900229CBD /* MJRefreshBackStateFooter.m */,
			);
			path = Back;
			sourceTree = "<group>";
		};
		D6A0B80E1BAFEC1900229CBD /* Header */ = {
			isa = PBXGroup;
			children = (
				D6A0B80F1BAFEC1900229CBD /* MJRefreshGifHeader.h */,
				D6A0B8101BAFEC1900229CBD /* MJRefreshGifHeader.m */,
				D6A0B8111BAFEC1900229CBD /* MJRefreshNormalHeader.h */,
				D6A0B8121BAFEC1900229CBD /* MJRefreshNormalHeader.m */,
				D6A0B8131BAFEC1900229CBD /* MJRefreshStateHeader.h */,
				D6A0B8141BAFEC1900229CBD /* MJRefreshStateHeader.m */,
			);
			path = Header;
			sourceTree = "<group>";
		};
		D6AF1FDC1BA674E600229224 /* IDs */ = {
			isa = PBXGroup;
			children = (
				D6AF1FDD1BA674FD00229224 /* IDsViewController.h */,
				D6AF1FDE1BA674FD00229224 /* IDsViewController.m */,
				D6AF1FDF1BA674FD00229224 /* IDsViewController.xib */,
			);
			path = IDs;
			sourceTree = "<group>";
		};
		D6C28F041B8C55D7008D230E /* MemoryTool */ = {
			isa = PBXGroup;
			children = (
				D6C28F051B8C5633008D230E /* MemoryTool.h */,
				D6C28F061B8C5633008D230E /* MemoryTool.m */,
			);
			path = MemoryTool;
			sourceTree = "<group>";
		};
		D6C9B11B1BA040D000168941 /* AddChildVCTest */ = {
			isa = PBXGroup;
			children = (
				D6C9B11C1BA040EF00168941 /* ParentViewController.h */,
				D6C9B11D1BA040EF00168941 /* ParentViewController.m */,
				D6C9B11E1BA040EF00168941 /* ParentViewController.xib */,
				D6C9B1261BA0411300168941 /* ChildViewController2.h */,
				D6C9B1271BA0411300168941 /* ChildViewController2.m */,
				D6C9B1281BA0411300168941 /* ChildViewController2.xib */,
				D6C9B12B1BA0412500168941 /* ChildViewController3.h */,
				D6C9B12C1BA0412500168941 /* ChildViewController3.m */,
				D6C9B12D1BA0412500168941 /* ChildViewController3.xib */,
				D6C9B1351BA0485B00168941 /* ChildViewController1.h */,
				D6C9B1361BA0485B00168941 /* ChildViewController1.m */,
				D6C9B1371BA0485B00168941 /* ChildViewController1.xib */,
			);
			path = AddChildVCTest;
			sourceTree = "<group>";
		};
		D6CDA0701B86F2FA00ECBFEF = {
			isa = PBXGroup;
			children = (
				D6CDA07B1B86F2FA00ECBFEF /* TestCode */,
				D6CDA07A1B86F2FA00ECBFEF /* Products */,
			);
			sourceTree = "<group>";
		};
		D6CDA07A1B86F2FA00ECBFEF /* Products */ = {
			isa = PBXGroup;
			children = (
				D6CDA0791B86F2FA00ECBFEF /* TestCode.app */,
			);
			name = Products;
			sourceTree = "<group>";
		};
		D6CDA07B1B86F2FA00ECBFEF /* TestCode */ = {
			isa = PBXGroup;
			children = (
				D6A0B7F11BAFEBF400229CBD /* ExtLib */,
				D6CDA0801B86F2FA00ECBFEF /* AppDelegate.h */,
				D6CDA0811B86F2FA00ECBFEF /* AppDelegate.m */,
				D6CDA0831B86F2FA00ECBFEF /* ViewController.h */,
				D6CDA0841B86F2FA00ECBFEF /* ViewController.m */,
				D6CDA0861B86F2FA00ECBFEF /* Main.storyboard */,
				D6CDA0A21B86F6B800ECBFEF /* functions */,
				D6CDA0891B86F2FA00ECBFEF /* Images.xcassets */,
				D6CDA08B1B86F2FA00ECBFEF /* LaunchScreen.xib */,
				D6CDA07C1B86F2FA00ECBFEF /* Supporting Files */,
			);
			path = TestCode;
			sourceTree = "<group>";
		};
		D6CDA07C1B86F2FA00ECBFEF /* Supporting Files */ = {
			isa = PBXGroup;
			children = (
				D6CDA07D1B86F2FA00ECBFEF /* Info.plist */,
				D6CDA07E1B86F2FA00ECBFEF /* main.m */,
				D69EF8AD1B872661000B7976 /* PrefixHeader.pch */,
			);
			name = "Supporting Files";
			sourceTree = "<group>";
		};
		D6CDA0A21B86F6B800ECBFEF /* functions */ = {
			isa = PBXGroup;
			children = (
				D62B79561B969EE7008E728E /* LayerMaskTest */,
				D62B79501B9531FA008E728E /* iTunesBackupHandler */,
				D69863FB1B8DBBBF00F64908 /* Block */,
				D69863F51B8DB07D00F64908 /* CGAffineTransformTest */,
				D6C28F041B8C55D7008D230E /* MemoryTool */,
				D6CDA0A31B86F70100ECBFEF /* TrafficCount */,
				D69863FF1B8EBBBF00F64908 /* WKWebViewTest */,
				D6C9B11B1BA040D000168941 /* AddChildVCTest */,
				D6AF1FDC1BA674E600229224 /* IDs */,
				D6F64D101BABA11500CF9E09 /* DrawRectTest */,
				D6F64D191BABE17000CF9E09 /* Bluetooth */,
			);
			path = functions;
			sourceTree = "<group>";
		};
		D6CDA0A31B86F70100ECBFEF /* TrafficCount */ = {
			isa = PBXGroup;
			children = (
				D6CDA0A41B86F72C00ECBFEF /* TrafficCountViewController.h */,
				D6CDA0A51B86F72C00ECBFEF /* TrafficCountViewController.m */,
				D6CDA0A61B86F72C00ECBFEF /* TrafficCountViewController.xib */,
			);
			path = TrafficCount;
			sourceTree = "<group>";
		};
		D6F64D101BABA11500CF9E09 /* DrawRectTest */ = {
			isa = PBXGroup;
			children = (
				D6F64D111BABA13F00CF9E09 /* DrawRectTestViewController.h */,
				D6F64D121BABA13F00CF9E09 /* DrawRectTestViewController.m */,
				D6F64D131BABA13F00CF9E09 /* DrawRectTestViewController.xib */,
				D6F64D161BABA15B00CF9E09 /* DrawRectTestView.h */,
				D6F64D171BABA15B00CF9E09 /* DrawRectTestView.m */,
			);
			name = DrawRectTest;
			path = IDs/DrawRectTest;
			sourceTree = "<group>";
		};
		D6F64D191BABE17000CF9E09 /* Bluetooth */ = {
			isa = PBXGroup;
			children = (
				D6F64D1A1BABE34600CF9E09 /* BluetoothViewController.h */,
				D6F64D1B1BABE34600CF9E09 /* BluetoothViewController.m */,
				D6F64D1C1BABE34600CF9E09 /* BluetoothViewController.xib */,
			);
			path = Bluetooth;
			sourceTree = "<group>";
		};
/* End PBXGroup section */

/* Begin PBXNativeTarget section */
		D6CDA0781B86F2FA00ECBFEF /* TestCode */ = {
			isa = PBXNativeTarget;
			buildConfigurationList = D6CDA09C1B86F2FB00ECBFEF /* Build configuration list for PBXNativeTarget "TestCode" */;
			buildPhases = (
				D6CDA0751B86F2FA00ECBFEF /* Sources */,
				D6CDA0761B86F2FA00ECBFEF /* Frameworks */,
				D6CDA0771B86F2FA00ECBFEF /* Resources */,
			);
			buildRules = (
			);
			dependencies = (
			);
			name = TestCode;
			productName = TestCode;
			productReference = D6CDA0791B86F2FA00ECBFEF /* TestCode.app */;
			productType = "com.apple.product-type.application";
		};
/* End PBXNativeTarget section */

/* Begin PBXProject section */
		D6CDA0711B86F2FA00ECBFEF /* Project object */ = {
			isa = PBXProject;
			attributes = {
				LastUpgradeCheck = 0630;
				ORGANIZATIONNAME = Encoder;
				TargetAttributes = {
					D6CDA0781B86F2FA00ECBFEF = {
						CreatedOnToolsVersion = 6.3.1;
					};
				};
			};
			buildConfigurationList = D6CDA0741B86F2FA00ECBFEF /* Build configuration list for PBXProject "TestCode" */;
			compatibilityVersion = "Xcode 3.2";
			developmentRegion = English;
			hasScannedForEncodings = 0;
			knownRegions = (
				en,
				Base,
			);
			mainGroup = D6CDA0701B86F2FA00ECBFEF;
			productRefGroup = D6CDA07A1B86F2FA00ECBFEF /* Products */;
			projectDirPath = "";
			projectRoot = "";
			targets = (
				D6CDA0781B86F2FA00ECBFEF /* TestCode */,
			);
		};
/* End PBXProject section */

/* Begin PBXResourcesBuildPhase section */
		D6CDA0771B86F2FA00ECBFEF /* Resources */ = {
			isa = PBXResourcesBuildPhase;
			buildActionMask = 2147483647;
			files = (
				D6CDA0881B86F2FA00ECBFEF /* Main.storyboard in Resources */,
				D6AF1FE11BA674FD00229224 /* IDsViewController.xib in Resources */,
				D6CDA08D1B86F2FA00ECBFEF /* LaunchScreen.xib in Resources */,
				D6C9B1201BA040EF00168941 /* ParentViewController.xib in Resources */,
				D6CDA0A81B86F72D00ECBFEF /* TrafficCountViewController.xib in Resources */,
				D62B795B1B969EFC008E728E /* LayerMaskTestViewController.xib in Resources */,
				D6C9B12A1BA0411300168941 /* ChildViewController2.xib in Resources */,
				D6F64D1E1BABE34600CF9E09 /* BluetoothViewController.xib in Resources */,
				D6A0B82D1BAFEC1A00229CBD /* MJRefresh.bundle in Resources */,
				D6CDA08A1B86F2FA00ECBFEF /* Images.xcassets in Resources */,
				D6C9B12F1BA0412500168941 /* ChildViewController3.xib in Resources */,
				D69863FA1B8DB0D400F64908 /* CGAffineTransformTestViewController.xib in Resources */,
				D6C9B1391BA0485B00168941 /* ChildViewController1.xib in Resources */,
				D6F64D151BABA13F00CF9E09 /* DrawRectTestViewController.xib in Resources */,
				D62B79551B953214008E728E /* iTunesBackupHandlerViewController.xib in Resources */,
			);
			runOnlyForDeploymentPostprocessing = 0;
		};
/* End PBXResourcesBuildPhase section */

/* Begin PBXSourcesBuildPhase section */
		D6CDA0751B86F2FA00ECBFEF /* Sources */ = {
			isa = PBXSourcesBuildPhase;
			buildActionMask = 2147483647;
			files = (
				D6A0B82F1BAFEC1A00229CBD /* UIScrollView+MJExtension.m in Sources */,
				D6C9B1291BA0411300168941 /* ChildViewController2.m in Sources */,
				D6A0B81F1BAFEC1A00229CBD /* MJRefreshAutoFooter.m in Sources */,
				D6F64D1D1BABE34600CF9E09 /* BluetoothViewController.m in Sources */,
				D62B79541B953214008E728E /* iTunesBackupHandlerViewController.m in Sources */,
				D6CDA0851B86F2FA00ECBFEF /* ViewController.m in Sources */,
				D6C9B11F1BA040EF00168941 /* ParentViewController.m in Sources */,
				D6AF1FE01BA674FD00229224 /* IDsViewController.m in Sources */,
				D6C28F071B8C5633008D230E /* MemoryTool.m in Sources */,
				D6A0B8211BAFEC1A00229CBD /* MJRefreshComponent.m in Sources */,
				D6C9B1381BA0485B00168941 /* ChildViewController1.m in Sources */,
				D6A0B8271BAFEC1A00229CBD /* MJRefreshBackGifFooter.m in Sources */,
				D69864031B8EBBF000F64908 /* WKWebViewTestViewController.m in Sources */,
				D6CDA0821B86F2FA00ECBFEF /* AppDelegate.m in Sources */,
				D6C9B12E1BA0412500168941 /* ChildViewController3.m in Sources */,
				D6A0B8311BAFEC1A00229CBD /* UIView+MJExtension.m in Sources */,
				D6F64D181BABA15B00CF9E09 /* DrawRectTestView.m in Sources */,
				D6A0B82C1BAFEC1A00229CBD /* MJRefreshStateHeader.m in Sources */,
				D6A0B8281BAFEC1A00229CBD /* MJRefreshBackNormalFooter.m in Sources */,
				D6A0B8301BAFEC1A00229CBD /* UIScrollView+MJRefresh.m in Sources */,
				D6A0B8251BAFEC1A00229CBD /* MJRefreshAutoNormalFooter.m in Sources */,
				D6CDA0A71B86F72D00ECBFEF /* TrafficCountViewController.m in Sources */,
				D6A0B82B1BAFEC1A00229CBD /* MJRefreshNormalHeader.m in Sources */,
				D6A0B8261BAFEC1A00229CBD /* MJRefreshAutoStateFooter.m in Sources */,
				D6A0B8201BAFEC1A00229CBD /* MJRefreshBackFooter.m in Sources */,
				D6A0B82A1BAFEC1A00229CBD /* MJRefreshGifHeader.m in Sources */,
				D69863F91B8DB0D400F64908 /* CGAffineTransformTestViewController.m in Sources */,
				D6A0B82E1BAFEC1A00229CBD /* MJRefreshConst.m in Sources */,
				D6A0B8241BAFEC1A00229CBD /* MJRefreshAutoGifFooter.m in Sources */,
				D6A0B8221BAFEC1A00229CBD /* MJRefreshFooter.m in Sources */,
				D6F64D141BABA13F00CF9E09 /* DrawRectTestViewController.m in Sources */,
				D6A0B8291BAFEC1A00229CBD /* MJRefreshBackStateFooter.m in Sources */,
				D62B79611B96CBD1008E728E /* DragVisualEffectView.m in Sources */,
				D6A0B8231BAFEC1A00229CBD /* MJRefreshHeader.m in Sources */,
				D6CDA07F1B86F2FA00ECBFEF /* main.m in Sources */,
				D62B795A1B969EFC008E728E /* LayerMaskTestViewController.m in Sources */,
				D69863FE1B8DBBD200F64908 /* BlockTest.m in Sources */,
				D62B795E1B96A070008E728E /* DragView.m in Sources */,
			);
			runOnlyForDeploymentPostprocessing = 0;
		};
/* End PBXSourcesBuildPhase section */

/* Begin PBXVariantGroup section */
		D6CDA0861B86F2FA00ECBFEF /* Main.storyboard */ = {
			isa = PBXVariantGroup;
			children = (
				D6CDA0871B86F2FA00ECBFEF /* Base */,
			);
			name = Main.storyboard;
			sourceTree = "<group>";
		};
		D6CDA08B1B86F2FA00ECBFEF /* LaunchScreen.xib */ = {
			isa = PBXVariantGroup;
			children = (
				D6CDA08C1B86F2FA00ECBFEF /* Base */,
			);
			name = LaunchScreen.xib;
			sourceTree = "<group>";
		};
/* End PBXVariantGroup section */

/* Begin XCBuildConfiguration section */
		D6CDA09A1B86F2FB00ECBFEF /* Debug */ = {
			isa = XCBuildConfiguration;
			buildSettings = {
				ALWAYS_SEARCH_USER_PATHS = NO;
				CLANG_CXX_LANGUAGE_STANDARD = "gnu++0x";
				CLANG_CXX_LIBRARY = "libc++";
				CLANG_ENABLE_MODULES = YES;
				CLANG_ENABLE_OBJC_ARC = YES;
				CLANG_WARN_BOOL_CONVERSION = YES;
				CLANG_WARN_CONSTANT_CONVERSION = YES;
				CLANG_WARN_DIRECT_OBJC_ISA_USAGE = YES_ERROR;
				CLANG_WARN_EMPTY_BODY = YES;
				CLANG_WARN_ENUM_CONVERSION = YES;
				CLANG_WARN_INT_CONVERSION = YES;
				CLANG_WARN_OBJC_ROOT_CLASS = YES_ERROR;
				CLANG_WARN_UNREACHABLE_CODE = YES;
				CLANG_WARN__DUPLICATE_METHOD_MATCH = YES;
				"CODE_SIGN_IDENTITY[sdk=iphoneos*]" = "iPhone Developer";
				COPY_PHASE_STRIP = NO;
				DEBUG_INFORMATION_FORMAT = "dwarf-with-dsym";
				ENABLE_STRICT_OBJC_MSGSEND = YES;
				GCC_C_LANGUAGE_STANDARD = gnu99;
				GCC_DYNAMIC_NO_PIC = NO;
				GCC_NO_COMMON_BLOCKS = YES;
				GCC_OPTIMIZATION_LEVEL = 0;
				GCC_PREPROCESSOR_DEFINITIONS = (
					"DEBUG=1",
					"$(inherited)",
				);
				GCC_SYMBOLS_PRIVATE_EXTERN = NO;
				GCC_WARN_64_TO_32_BIT_CONVERSION = YES;
				GCC_WARN_ABOUT_RETURN_TYPE = YES_ERROR;
				GCC_WARN_UNDECLARED_SELECTOR = YES;
				GCC_WARN_UNINITIALIZED_AUTOS = YES_AGGRESSIVE;
				GCC_WARN_UNUSED_FUNCTION = YES;
				GCC_WARN_UNUSED_VARIABLE = YES;
				IPHONEOS_DEPLOYMENT_TARGET = 8.1;
				MTL_ENABLE_DEBUG_INFO = YES;
				ONLY_ACTIVE_ARCH = YES;
				SDKROOT = iphoneos;
				TARGETED_DEVICE_FAMILY = "1,2";
			};
			name = Debug;
		};
		D6CDA09B1B86F2FB00ECBFEF /* Release */ = {
			isa = XCBuildConfiguration;
			buildSettings = {
				ALWAYS_SEARCH_USER_PATHS = NO;
				CLANG_CXX_LANGUAGE_STANDARD = "gnu++0x";
				CLANG_CXX_LIBRARY = "libc++";
				CLANG_ENABLE_MODULES = YES;
				CLANG_ENABLE_OBJC_ARC = YES;
				CLANG_WARN_BOOL_CONVERSION = YES;
				CLANG_WARN_CONSTANT_CONVERSION = YES;
				CLANG_WARN_DIRECT_OBJC_ISA_USAGE = YES_ERROR;
				CLANG_WARN_EMPTY_BODY = YES;
				CLANG_WARN_ENUM_CONVERSION = YES;
				CLANG_WARN_INT_CONVERSION = YES;
				CLANG_WARN_OBJC_ROOT_CLASS = YES_ERROR;
				CLANG_WARN_UNREACHABLE_CODE = YES;
				CLANG_WARN__DUPLICATE_METHOD_MATCH = YES;
				"CODE_SIGN_IDENTITY[sdk=iphoneos*]" = "iPhone Developer";
				COPY_PHASE_STRIP = NO;
				DEBUG_INFORMATION_FORMAT = "dwarf-with-dsym";
				ENABLE_NS_ASSERTIONS = NO;
				ENABLE_STRICT_OBJC_MSGSEND = YES;
				GCC_C_LANGUAGE_STANDARD = gnu99;
				GCC_NO_COMMON_BLOCKS = YES;
				GCC_WARN_64_TO_32_BIT_CONVERSION = YES;
				GCC_WARN_ABOUT_RETURN_TYPE = YES_ERROR;
				GCC_WARN_UNDECLARED_SELECTOR = YES;
				GCC_WARN_UNINITIALIZED_AUTOS = YES_AGGRESSIVE;
				GCC_WARN_UNUSED_FUNCTION = YES;
				GCC_WARN_UNUSED_VARIABLE = YES;
				IPHONEOS_DEPLOYMENT_TARGET = 8.1;
				MTL_ENABLE_DEBUG_INFO = NO;
				SDKROOT = iphoneos;
				TARGETED_DEVICE_FAMILY = "1,2";
				VALIDATE_PRODUCT = YES;
			};
			name = Release;
		};
		D6CDA09D1B86F2FB00ECBFEF /* Debug */ = {
			isa = XCBuildConfiguration;
			buildSettings = {
				ASSETCATALOG_COMPILER_APPICON_NAME = AppIcon;
				GCC_PRECOMPILE_PREFIX_HEADER = YES;
				GCC_PREFIX_HEADER = TestCode/PrefixHeader.pch;
				INFOPLIST_FILE = TestCode/Info.plist;
				LD_RUNPATH_SEARCH_PATHS = "$(inherited) @executable_path/Frameworks";
				PRODUCT_NAME = "$(TARGET_NAME)";
				TARGETED_DEVICE_FAMILY = "1,2";
			};
			name = Debug;
		};
		D6CDA09E1B86F2FB00ECBFEF /* Release */ = {
			isa = XCBuildConfiguration;
			buildSettings = {
				ASSETCATALOG_COMPILER_APPICON_NAME = AppIcon;
				GCC_PRECOMPILE_PREFIX_HEADER = YES;
				GCC_PREFIX_HEADER = TestCode/PrefixHeader.pch;
				INFOPLIST_FILE = TestCode/Info.plist;
				LD_RUNPATH_SEARCH_PATHS = "$(inherited) @executable_path/Frameworks";
				PRODUCT_NAME = "$(TARGET_NAME)";
				TARGETED_DEVICE_FAMILY = "1,2";
			};
			name = Release;
		};
/* End XCBuildConfiguration section */

/* Begin XCConfigurationList section */
		D6CDA0741B86F2FA00ECBFEF /* Build configuration list for PBXProject "TestCode" */ = {
			isa = XCConfigurationList;
			buildConfigurations = (
				D6CDA09A1B86F2FB00ECBFEF /* Debug */,
				D6CDA09B1B86F2FB00ECBFEF /* Release */,
			);
			defaultConfigurationIsVisible = 0;
			defaultConfigurationName = Release;
		};
		D6CDA09C1B86F2FB00ECBFEF /* Build configuration list for PBXNativeTarget "TestCode" */ = {
			isa = XCConfigurationList;
			buildConfigurations = (
				D6CDA09D1B86F2FB00ECBFEF /* Debug */,
				D6CDA09E1B86F2FB00ECBFEF /* Release */,
			);
			defaultConfigurationIsVisible = 0;
			defaultConfigurationName = Release;
		};
/* End XCConfigurationList section */
	};
	rootObject = D6CDA0711B86F2FA00ECBFEF /* Project object */;
}
